
Microsoft Visual Studio Solution File, Format Version 12.00
# Visual Studio Version 17
VisualStudioVersion = 17.6.33723.286
MinimumVisualStudioVersion = 10.0.40219.1
Project("{FAE04EC0-301F-11D3-BF4B-00C04F79EFBC}") = "ContactosApi", "ContactosApi.csproj", "{866680A8-3419-4102-9872-66E5350995E1}"
EndProject
Global
	GlobalSection(SolutionConfigurationPlatforms) = preSolution
		Debug|Any CPU = Debug|Any CPU
		Release|Any CPU = Release|Any CPU
	EndGlobalSection
	GlobalSection(ProjectConfigurationPlatforms) = postSolution
		{866680A8-3419-4102-9872-66E5350995E1}.Debug|Any CPU.ActiveCfg = Debug|Any CPU
		{866680A8-3419-4102-9872-66E5350995E1}.Debug|Any CPU.Build.0 = Debug|Any CPU
		{866680A8-3419-4102-9872-66E5350995E1}.Release|Any CPU.ActiveCfg = Release|Any CPU
		{866680A8-3419-4102-9872-66E5350995E1}.Release|Any CPU.Build.0 = Release|Any CPU
	EndGlobalSection
	GlobalSection(SolutionProperties) = preSolution
		HideSolutionNode = FALSE
	EndGlobalSection
	GlobalSection(ExtensibilityGlobals) = postSolution
		SolutionGuid = {13759FBE-5804-455E-8ABB-23E749ED561D}
	EndGlobalSection
EndGlobal
